// !$*UTF8*$!
{
	archiveVersion = 1;
	classes = {
	};
	objectVersion = 50;
	objects = {

/* Begin PBXBuildFile section */
		9A9D78C722ACF47C00D9E034 /* AppDelegate.swift in Sources */ = {isa = PBXBuildFile; fileRef = 9A9D78C622ACF47C00D9E034 /* AppDelegate.swift */; };
		9A9D78C922ACF47C00D9E034 /* HomeViewController.swift in Sources */ = {isa = PBXBuildFile; fileRef = 9A9D78C822ACF47C00D9E034 /* HomeViewController.swift */; };
		9A9D78CC22ACF47C00D9E034 /* Main.storyboard in Resources */ = {isa = PBXBuildFile; fileRef = 9A9D78CA22ACF47C00D9E034 /* Main.storyboard */; };
		9A9D78CE22ACF47D00D9E034 /* Assets.xcassets in Resources */ = {isa = PBXBuildFile; fileRef = 9A9D78CD22ACF47D00D9E034 /* Assets.xcassets */; };
		9A9D78D122ACF47D00D9E034 /* LaunchScreen.storyboard in Resources */ = {isa = PBXBuildFile; fileRef = 9A9D78CF22ACF47D00D9E034 /* LaunchScreen.storyboard */; };
		9A9D78DC22ACF47D00D9E034 /* CrispChatExampleTests.swift in Sources */ = {isa = PBXBuildFile; fileRef = 9A9D78DB22ACF47D00D9E034 /* CrispChatExampleTests.swift */; };
/* End PBXBuildFile section */

/* Begin PBXContainerItemProxy section */
		9A9D78D822ACF47D00D9E034 /* PBXContainerItemProxy */ = {
			isa = PBXContainerItemProxy;
			containerPortal = 9A9D78BB22ACF47C00D9E034 /* Project object */;
			proxyType = 1;
			remoteGlobalIDString = 9A9D78C222ACF47C00D9E034;
			remoteInfo = CrispChatExample;
		};
/* End PBXContainerItemProxy section */

/* Begin PBXFileReference section */
		9A9D78C322ACF47C00D9E034 /* CrispChatExample.app */ = {isa = PBXFileReference; explicitFileType = wrapper.application; includeInIndex = 0; path = CrispChatExample.app; sourceTree = BUILT_PRODUCTS_DIR; };
		9A9D78C622ACF47C00D9E034 /* AppDelegate.swift */ = {isa = PBXFileReference; lastKnownFileType = sourcecode.swift; path = AppDelegate.swift; sourceTree = "<group>"; };
		9A9D78C822ACF47C00D9E034 /* HomeViewController.swift */ = {isa = PBXFileReference; lastKnownFileType = sourcecode.swift; path = HomeViewController.swift; sourceTree = "<group>"; };
		9A9D78CB22ACF47C00D9E034 /* Base */ = {isa = PBXFileReference; lastKnownFileType = file.storyboard; name = Base; path = Base.lproj/Main.storyboard; sourceTree = "<group>"; };
		9A9D78CD22ACF47D00D9E034 /* Assets.xcassets */ = {isa = PBXFileReference; lastKnownFileType = folder.assetcatalog; path = Assets.xcassets; sourceTree = "<group>"; };
		9A9D78D022ACF47D00D9E034 /* Base */ = {isa = PBXFileReference; lastKnownFileType = file.storyboard; name = Base; path = Base.lproj/LaunchScreen.storyboard; sourceTree = "<group>"; };
		9A9D78D222ACF47D00D9E034 /* Info.plist */ = {isa = PBXFileReference; lastKnownFileType = text.plist.xml; path = Info.plist; sourceTree = "<group>"; };
		9A9D78D722ACF47D00D9E034 /* CrispChatExampleTests.xctest */ = {isa = PBXFileReference; explicitFileType = wrapper.cfbundle; includeInIndex = 0; path = CrispChatExampleTests.xctest; sourceTree = BUILT_PRODUCTS_DIR; };
		9A9D78DB22ACF47D00D9E034 /* CrispChatExampleTests.swift */ = {isa = PBXFileReference; lastKnownFileType = sourcecode.swift; path = CrispChatExampleTests.swift; sourceTree = "<group>"; };
		9A9D78DD22ACF47D00D9E034 /* Info.plist */ = {isa = PBXFileReference; lastKnownFileType = text.plist.xml; path = Info.plist; sourceTree = "<group>"; };
/* End PBXFileReference section */

/* Begin PBXFrameworksBuildPhase section */
		9A9D78C022ACF47C00D9E034 /* Frameworks */ = {
			isa = PBXFrameworksBuildPhase;
			buildActionMask = 2147483647;
			files = (
			);
			runOnlyForDeploymentPostprocessing = 0;
		};
		9A9D78D422ACF47D00D9E034 /* Frameworks */ = {
			isa = PBXFrameworksBuildPhase;
			buildActionMask = 2147483647;
			files = (
			);
			runOnlyForDeploymentPostprocessing = 0;
		};
/* End PBXFrameworksBuildPhase section */

/* Begin PBXGroup section */
		9A08B74522AD0D0D00241D31 /* Storyboards */ = {
			isa = PBXGroup;
			children = (
				9A9D78CF22ACF47D00D9E034 /* LaunchScreen.storyboard */,
				9A9D78CA22ACF47C00D9E034 /* Main.storyboard */,
			);
			path = Storyboards;
			sourceTree = "<group>";
		};
		9A08B74622AD0D1200241D31 /* AppDelegate */ = {
			isa = PBXGroup;
			children = (
				9A9D78C622ACF47C00D9E034 /* AppDelegate.swift */,
			);
			path = AppDelegate;
			sourceTree = "<group>";
		};
		9A08B74722AD0D2B00241D31 /* ViewControllers */ = {
			isa = PBXGroup;
			children = (
				9A9D78C822ACF47C00D9E034 /* HomeViewController.swift */,
			);
			path = ViewControllers;
			sourceTree = "<group>";
		};
		9A08B74822AD0D3800241D31 /* Assets */ = {
			isa = PBXGroup;
			children = (
				9A9D78CD22ACF47D00D9E034 /* Assets.xcassets */,
			);
			path = Assets;
			sourceTree = "<group>";
		};
		9A9D78BA22ACF47C00D9E034 = {
			isa = PBXGroup;
			children = (
				9A9D78C522ACF47C00D9E034 /* CrispChatExample */,
				9A9D78DA22ACF47D00D9E034 /* CrispChatExampleTests */,
				9A9D78C422ACF47C00D9E034 /* Products */,
			);
			sourceTree = "<group>";
		};
		9A9D78C422ACF47C00D9E034 /* Products */ = {
			isa = PBXGroup;
			children = (
				9A9D78C322ACF47C00D9E034 /* CrispChatExample.app */,
				9A9D78D722ACF47D00D9E034 /* CrispChatExampleTests.xctest */,
			);
			name = Products;
			sourceTree = "<group>";
		};
		9A9D78C522ACF47C00D9E034 /* CrispChatExample */ = {
			isa = PBXGroup;
			children = (
				9A08B74622AD0D1200241D31 /* AppDelegate */,
				9A08B74822AD0D3800241D31 /* Assets */,
				9A08B74522AD0D0D00241D31 /* Storyboards */,
				9A08B74722AD0D2B00241D31 /* ViewControllers */,
				9A9D78D222ACF47D00D9E034 /* Info.plist */,
			);
			path = CrispChatExample;
			sourceTree = "<group>";
		};
		9A9D78DA22ACF47D00D9E034 /* CrispChatExampleTests */ = {
			isa = PBXGroup;
			children = (
				9A9D78DB22ACF47D00D9E034 /* CrispChatExampleTests.swift */,
				9A9D78DD22ACF47D00D9E034 /* Info.plist */,
			);
			path = CrispChatExampleTests;
			sourceTree = "<group>";
		};
/* End PBXGroup section */

/* Begin PBXNativeTarget section */
		9A9D78C222ACF47C00D9E034 /* CrispChatExample */ = {
			isa = PBXNativeTarget;
			buildConfigurationList = 9A9D78E022ACF47D00D9E034 /* Build configuration list for PBXNativeTarget "CrispChatExample" */;
			buildPhases = (
				9A9D78BF22ACF47C00D9E034 /* Sources */,
				9A9D78C022ACF47C00D9E034 /* Frameworks */,
				9A9D78C122ACF47C00D9E034 /* Resources */,
			);
			buildRules = (
			);
			dependencies = (
			);
			name = CrispChatExample;
			productName = CrispChatExample;
			productReference = 9A9D78C322ACF47C00D9E034 /* CrispChatExample.app */;
			productType = "com.apple.product-type.application";
		};
		9A9D78D622ACF47D00D9E034 /* CrispChatExampleTests */ = {
			isa = PBXNativeTarget;
			buildConfigurationList = 9A9D78E322ACF47D00D9E034 /* Build configuration list for PBXNativeTarget "CrispChatExampleTests" */;
			buildPhases = (
				9A9D78D322ACF47D00D9E034 /* Sources */,
				9A9D78D422ACF47D00D9E034 /* Frameworks */,
				9A9D78D522ACF47D00D9E034 /* Resources */,
			);
			buildRules = (
			);
			dependencies = (
				9A9D78D922ACF47D00D9E034 /* PBXTargetDependency */,
			);
			name = CrispChatExampleTests;
			productName = CrispChatExampleTests;
			productReference = 9A9D78D722ACF47D00D9E034 /* CrispChatExampleTests.xctest */;
			productType = "com.apple.product-type.bundle.unit-test";
		};
/* End PBXNativeTarget section */

/* Begin PBXProject section */
		9A9D78BB22ACF47C00D9E034 /* Project object */ = {
			isa = PBXProject;
			attributes = {
				LastSwiftUpdateCheck = 1020;
				LastUpgradeCheck = 1020;
				ORGANIZATIONNAME = "Bane Manojlovic";
				TargetAttributes = {
					9A9D78C222ACF47C00D9E034 = {
						CreatedOnToolsVersion = 10.2.1;
					};
					9A9D78D622ACF47D00D9E034 = {
						CreatedOnToolsVersion = 10.2.1;
						TestTargetID = 9A9D78C222ACF47C00D9E034;
					};
				};
			};
			buildConfigurationList = 9A9D78BE22ACF47C00D9E034 /* Build configuration list for PBXProject "CrispChatExample" */;
			compatibilityVersion = "Xcode 9.3";
			developmentRegion = en;
			hasScannedForEncodings = 0;
			knownRegions = (
				en,
				Base,
			);
			mainGroup = 9A9D78BA22ACF47C00D9E034;
			productRefGroup = 9A9D78C422ACF47C00D9E034 /* Products */;
			projectDirPath = "";
			projectRoot = "";
			targets = (
				9A9D78C222ACF47C00D9E034 /* CrispChatExample */,
				9A9D78D622ACF47D00D9E034 /* CrispChatExampleTests */,
			);
		};
/* End PBXProject section */

/* Begin PBXResourcesBuildPhase section */
		9A9D78C122ACF47C00D9E034 /* Resources */ = {
			isa = PBXResourcesBuildPhase;
			buildActionMask = 2147483647;
			files = (
				9A9D78D122ACF47D00D9E034 /* LaunchScreen.storyboard in Resources */,
				9A9D78CE22ACF47D00D9E034 /* Assets.xcassets in Resources */,
				9A9D78CC22ACF47C00D9E034 /* Main.storyboard in Resources */,
			);
			runOnlyForDeploymentPostprocessing = 0;
		};
		9A9D78D522ACF47D00D9E034 /* Resources */ = {
			isa = PBXResourcesBuildPhase;
			buildActionMask = 2147483647;
			files = (
			);
			runOnlyForDeploymentPostprocessing = 0;
		};
/* End PBXResourcesBuildPhase section */

/* Begin PBXSourcesBuildPhase section */
		9A9D78BF22ACF47C00D9E034 /* Sources */ = {
			isa = PBXSourcesBuildPhase;
			buildActionMask = 2147483647;
			files = (
				9A9D78C922ACF47C00D9E034 /* HomeViewController.swift in Sources */,
				9A9D78C722ACF47C00D9E034 /* AppDelegate.swift in Sources */,
			);
			runOnlyForDeploymentPostprocessing = 0;
		};
		9A9D78D322ACF47D00D9E034 /* Sources */ = {
			isa = PBXSourcesBuildPhase;
			buildActionMask = 2147483647;
			files = (
				9A9D78DC22ACF47D00D9E034 /* CrispChatExampleTests.swift in Sources */,
			);
			runOnlyForDeploymentPostprocessing = 0;
		};
/* End PBXSourcesBuildPhase section */

/* Begin PBXTargetDependency section */
		9A9D78D922ACF47D00D9E034 /* PBXTargetDependency */ = {
			isa = PBXTargetDependency;
			target = 9A9D78C222ACF47C00D9E034 /* CrispChatExample */;
			targetProxy = 9A9D78D822ACF47D00D9E034 /* PBXContainerItemProxy */;
		};
/* End PBXTargetDependency section */

/* Begin PBXVariantGroup section */
		9A9D78CA22ACF47C00D9E034 /* Main.storyboard */ = {
			isa = PBXVariantGroup;
			children = (
				9A9D78CB22ACF47C00D9E034 /* Base */,
			);
			name = Main.storyboard;
			sourceTree = "<group>";
		};
		9A9D78CF22ACF47D00D9E034 /* LaunchScreen.storyboard */ = {
			isa = PBXVariantGroup;
			children = (
				9A9D78D022ACF47D00D9E034 /* Base */,
			);
			name = LaunchScreen.storyboard;
			sourceTree = "<group>";
		};
/* End PBXVariantGroup section */

/* Begin XCBuildConfiguration section */
		9A9D78DE22ACF47D00D9E034 /* Debug */ = {
			isa = XCBuildConfiguration;
			buildSettings = {
				ALWAYS_SEARCH_USER_PATHS = NO;
				CLANG_ANALYZER_NONNULL = YES;
				CLANG_ANALYZER_NUMBER_OBJECT_CONVERSION = YES_AGGRESSIVE;
				CLANG_CXX_LANGUAGE_STANDARD = "gnu++14";
				CLANG_CXX_LIBRARY = "libc++";
				CLANG_ENABLE_MODULES = YES;
				CLANG_ENABLE_OBJC_ARC = YES;
				CLANG_ENABLE_OBJC_WEAK = YES;
				CLANG_WARN_BLOCK_CAPTURE_AUTORELEASING = YES;
				CLANG_WARN_BOOL_CONVERSION = YES;
				CLANG_WARN_COMMA = YES;
				CLANG_WARN_CONSTANT_CONVERSION = YES;
				CLANG_WARN_DEPRECATED_OBJC_IMPLEMENTATIONS = YES;
				CLANG_WARN_DIRECT_OBJC_ISA_USAGE = YES_ERROR;
				CLANG_WARN_DOCUMENTATION_COMMENTS = YES;
				CLANG_WARN_EMPTY_BODY = YES;
				CLANG_WARN_ENUM_CONVERSION = YES;
				CLANG_WARN_INFINITE_RECURSION = YES;
				CLANG_WARN_INT_CONVERSION = YES;
				CLANG_WARN_NON_LITERAL_NULL_CONVERSION = YES;
				CLANG_WARN_OBJC_IMPLICIT_RETAIN_SELF = YES;
				CLANG_WARN_OBJC_LITERAL_CONVERSION = YES;
				CLANG_WARN_OBJC_ROOT_CLASS = YES_ERROR;
				CLANG_WARN_RANGE_LOOP_ANALYSIS = YES;
				CLANG_WARN_STRICT_PROTOTYPES = YES;
				CLANG_WARN_SUSPICIOUS_MOVE = YES;
				CLANG_WARN_UNGUARDED_AVAILABILITY = YES_AGGRESSIVE;
				CLANG_WARN_UNREACHABLE_CODE = YES;
				CLANG_WARN__DUPLICATE_METHOD_MATCH = YES;
				CODE_SIGN_IDENTITY = "iPhone Developer";
				COPY_PHASE_STRIP = NO;
				DEBUG_INFORMATION_FORMAT = dwarf;
				ENABLE_STRICT_OBJC_MSGSEND = YES;
				ENABLE_TESTABILITY = YES;
				GCC_C_LANGUAGE_STANDARD = gnu11;
				GCC_DYNAMIC_NO_PIC = NO;
				GCC_NO_COMMON_BLOCKS = YES;
				GCC_OPTIMIZATION_LEVEL = 0;
				GCC_PREPROCESSOR_DEFINITIONS = (
					"DEBUG=1",
					"$(inherited)",
				);
				GCC_WARN_64_TO_32_BIT_CONVERSION = YES;
				GCC_WARN_ABOUT_RETURN_TYPE = YES_ERROR;
				GCC_WARN_UNDECLARED_SELECTOR = YES;
				GCC_WARN_UNINITIALIZED_AUTOS = YES_AGGRESSIVE;
				GCC_WARN_UNUSED_FUNCTION = YES;
				GCC_WARN_UNUSED_VARIABLE = YES;
				IPHONEOS_DEPLOYMENT_TARGET = 12.2;
				MTL_ENABLE_DEBUG_INFO = INCLUDE_SOURCE;
				MTL_FAST_MATH = YES;
				ONLY_ACTIVE_ARCH = YES;
				SDKROOT = iphoneos;
				SWIFT_ACTIVE_COMPILATION_CONDITIONS = DEBUG;
				SWIFT_OPTIMIZATION_LEVEL = "-Onone";
			};
			name = Debug;
		};
		9A9D78DF22ACF47D00D9E034 /* Release */ = {
			isa = XCBuildConfiguration;
			buildSettings = {
				ALWAYS_SEARCH_USER_PATHS = NO;
				CLANG_ANALYZER_NONNULL = YES;
				CLANG_ANALYZER_NUMBER_OBJECT_CONVERSION = YES_AGGRESSIVE;
				CLANG_CXX_LANGUAGE_STANDARD = "gnu++14";
				CLANG_CXX_LIBRARY = "libc++";
				CLANG_ENABLE_MODULES = YES;
				CLANG_ENABLE_OBJC_ARC = YES;
				CLANG_ENABLE_OBJC_WEAK = YES;
				CLANG_WARN_BLOCK_CAPTURE_AUTORELEASING = YES;
				CLANG_WARN_BOOL_CONVERSION = YES;
				CLANG_WARN_COMMA = YES;
				CLANG_WARN_CONSTANT_CONVERSION = YES;
				CLANG_WARN_DEPRECATED_OBJC_IMPLEMENTATIONS = YES;
				CLANG_WARN_DIRECT_OBJC_ISA_USAGE = YES_ERROR;
				CLANG_WARN_DOCUMENTATION_COMMENTS = YES;
				CLANG_WARN_EMPTY_BODY = YES;
				CLANG_WARN_ENUM_CONVERSION = YES;
				CLANG_WARN_INFINITE_RECURSION = YES;
				CLANG_WARN_INT_CONVERSION = YES;
				CLANG_WARN_NON_LITERAL_NULL_CONVERSION = YES;
				CLANG_WARN_OBJC_IMPLICIT_RETAIN_SELF = YES;
				CLANG_WARN_OBJC_LITERAL_CONVERSION = YES;
				CLANG_WARN_OBJC_ROOT_CLASS = YES_ERROR;
				CLANG_WARN_RANGE_LOOP_ANALYSIS = YES;
				CLANG_WARN_STRICT_PROTOTYPES = YES;
				CLANG_WARN_SUSPICIOUS_MOVE = YES;
				CLANG_WARN_UNGUARDED_AVAILABILITY = YES_AGGRESSIVE;
				CLANG_WARN_UNREACHABLE_CODE = YES;
				CLANG_WARN__DUPLICATE_METHOD_MATCH = YES;
				CODE_SIGN_IDENTITY = "iPhone Developer";
				COPY_PHASE_STRIP = NO;
				DEBUG_INFORMATION_FORMAT = "dwarf-with-dsym";
				ENABLE_NS_ASSERTIONS = NO;
				ENABLE_STRICT_OBJC_MSGSEND = YES;
				GCC_C_LANGUAGE_STANDARD = gnu11;
				GCC_NO_COMMON_BLOCKS = YES;
				GCC_WARN_64_TO_32_BIT_CONVERSION = YES;
				GCC_WARN_ABOUT_RETURN_TYPE = YES_ERROR;
				GCC_WARN_UNDECLARED_SELECTOR = YES;
				GCC_WARN_UNINITIALIZED_AUTOS = YES_AGGRESSIVE;
				GCC_WARN_UNUSED_FUNCTION = YES;
				GCC_WARN_UNUSED_VARIABLE = YES;
				IPHONEOS_DEPLOYMENT_TARGET = 12.2;
				MTL_ENABLE_DEBUG_INFO = NO;
				MTL_FAST_MATH = YES;
				SDKROOT = iphoneos;
				SWIFT_COMPILATION_MODE = wholemodule;
				SWIFT_OPTIMIZATION_LEVEL = "-O";
				VALIDATE_PRODUCT = YES;
			};
			name = Release;
		};
		9A9D78E122ACF47D00D9E034 /* Debug */ = {
			isa = XCBuildConfiguration;
			buildSettings = {
				ASSETCATALOG_COMPILER_APPICON_NAME = AppIcon;
				CODE_SIGN_STYLE = Automatic;
				INFOPLIST_FILE = CrispChatExample/Info.plist;
				LD_RUNPATH_SEARCH_PATHS = (
					"$(inherited)",
					"@executable_path/Frameworks",
				);
				PRODUCT_BUNDLE_IDENTIFIER = com.bitnovisad.CrispChatExample;
				PRODUCT_NAME = "$(TARGET_NAME)";
				SWIFT_VERSION = 5.0;
				TARGETED_DEVICE_FAMILY = "1,2";
			};
			name = Debug;
		};
		9A9D78E222ACF47D00D9E034 /* Release */ = {
			isa = XCBuildConfiguration;
			buildSettings = {
				ASSETCATALOG_COMPILER_APPICON_NAME = AppIcon;
				CODE_SIGN_STYLE = Automatic;
				INFOPLIST_FILE = CrispChatExample/Info.plist;
				LD_RUNPATH_SEARCH_PATHS = (
					"$(inherited)",
					"@executable_path/Frameworks",
				);
				PRODUCT_BUNDLE_IDENTIFIER = com.bitnovisad.CrispChatExample;
				PRODUCT_NAME = "$(TARGET_NAME)";
				SWIFT_VERSION = 5.0;
				TARGETED_DEVICE_FAMILY = "1,2";
			};
			name = Release;
		};
		9A9D78E422ACF47D00D9E034 /* Debug */ = {
			isa = XCBuildConfiguration;
			buildSettings = {
				ALWAYS_EMBED_SWIFT_STANDARD_LIBRARIES = YES;
				BUNDLE_LOADER = "$(TEST_HOST)";
				CODE_SIGN_STYLE = Automatic;
				INFOPLIST_FILE = CrispChatExampleTests/Info.plist;
				LD_RUNPATH_SEARCH_PATHS = (
					"$(inherited)",
					"@executable_path/Frameworks",
					"@loader_path/Frameworks",
				);
				PRODUCT_BUNDLE_IDENTIFIER = com.bitnovisad.CrispChatExampleTests;
				PRODUCT_NAME = "$(TARGET_NAME)";
				SWIFT_VERSION = 5.0;
				TARGETED_DEVICE_FAMILY = "1,2";
				TEST_HOST = "$(BUILT_PRODUCTS_DIR)/CrispChatExample.app/CrispChatExample";
			};
			name = Debug;
		};
		9A9D78E522ACF47D00D9E034 /* Release */ = {
			isa = XCBuildConfiguration;
			buildSettings = {
				ALWAYS_EMBED_SWIFT_STANDARD_LIBRARIES = YES;
				BUNDLE_LOADER = "$(TEST_HOST)";
				CODE_SIGN_STYLE = Automatic;
				INFOPLIST_FILE = CrispChatExampleTests/Info.plist;
				LD_RUNPATH_SEARCH_PATHS = (
					"$(inherited)",
					"@executable_path/Frameworks",
					"@loader_path/Frameworks",
				);
				PRODUCT_BUNDLE_IDENTIFIER = com.bitnovisad.CrispChatExampleTests;
				PRODUCT_NAME = "$(TARGET_NAME)";
				SWIFT_VERSION = 5.0;
				TARGETED_DEVICE_FAMILY = "1,2";
				TEST_HOST = "$(BUILT_PRODUCTS_DIR)/CrispChatExample.app/CrispChatExample";
			};
			name = Release;
		};
/* End XCBuildConfiguration section */

/* Begin XCConfigurationList section */
		9A9D78BE22ACF47C00D9E034 /* Build configuration list for PBXProject "CrispChatExample" */ = {
			isa = XCConfigurationList;
			buildConfigurations = (
				9A9D78DE22ACF47D00D9E034 /* Debug */,
				9A9D78DF22ACF47D00D9E034 /* Release */,
			);
			defaultConfigurationIsVisible = 0;
			defaultConfigurationName = Release;
		};
		9A9D78E022ACF47D00D9E034 /* Build configuration list for PBXNativeTarget "CrispChatExample" */ = {
			isa = XCConfigurationList;
			buildConfigurations = (
				9A9D78E122ACF47D00D9E034 /* Debug */,
				9A9D78E222ACF47D00D9E034 /* Release */,
			);
			defaultConfigurationIsVisible = 0;
			defaultConfigurationName = Release;
		};
		9A9D78E322ACF47D00D9E034 /* Build configuration list for PBXNativeTarget "CrispChatExampleTests" */ = {
			isa = XCConfigurationList;
			buildConfigurations = (
				9A9D78E422ACF47D00D9E034 /* Debug */,
				9A9D78E522ACF47D00D9E034 /* Release */,
			);
			defaultConfigurationIsVisible = 0;
			defaultConfigurationName = Release;
		};
/* End XCConfigurationList section */
	};
	rootObject = 9A9D78BB22ACF47C00D9E034 /* Project object */;
}
